{
  "name": "mdoodz-webvis",
  "version": "0.1.0",
  "lockfileVersion": 3,
  "requires": true,
  "packages": {
    "": {
      "name": "mdoodz-webvis",
      "version": "0.1.0",
      "dependencies": {
        "h5wasm": "^0.10.0"
      }
    },
    "node_modules/h5wasm": {
      "version": "0.10.1",
      "resolved": "https://registry.npmjs.org/h5wasm/-/h5wasm-0.10.1.tgz",
      "integrity": "sha512-VxKLoNcPmn/4j6wWuf81gRGzcNjW1aHKtNgRp6ZBeYd6RoWmN3tk5HB6E3nPYsc3YhGT+o07xz1tK6wdMuPMiw==",
      "license": "SEE LICENSE IN LICENSE.txt"
    }
  }
}
